
Microsoft Visual Studio Solution File, Format Version 12.00
# Visual Studio Version 17
VisualStudioVersion = 17.4.33213.308
MinimumVisualStudioVersion = 10.0.40219.1
Project("{FAE04EC0-301F-11D3-BF4B-00C04F79EFBC}") = "Degiskenler_int", "Degiskenler_int\Degiskenler_int.csproj", "{D742A484-E6F4-4B03-812A-889C0828AD1C}"
EndProject
Global
	GlobalSection(SolutionConfigurationPlatforms) = preSolution
		Debug|Any CPU = Debug|Any CPU
		Release|Any CPU = Release|Any CPU
	EndGlobalSection
	GlobalSection(ProjectConfigurationPlatforms) = postSolution
		{D742A484-E6F4-4B03-812A-889C0828AD1C}.Debug|Any CPU.ActiveCfg = Debug|Any CPU
		{D742A484-E6F4-4B03-812A-889C0828AD1C}.Debug|Any CPU.Build.0 = Debug|Any CPU
		{D742A484-E6F4-4B03-812A-889C0828AD1C}.Release|Any CPU.ActiveCfg = Release|Any CPU
		{D742A484-E6F4-4B03-812A-889C0828AD1C}.Release|Any CPU.Build.0 = Release|Any CPU
	EndGlobalSection
	GlobalSection(SolutionProperties) = preSolution
		HideSolutionNode = FALSE
	EndGlobalSection
	GlobalSection(ExtensibilityGlobals) = postSolution
		SolutionGuid = {FC466337-A49A-446D-8C75-3155D7B3A641}
	EndGlobalSection
EndGlobal
